// !$*UTF8*$!
{
	archiveVersion = 1;
	classes = {
	};
	objectVersion = 46;
	objects = {

/* Begin PBXBuildFile section */
		69233A991549DDE400243C16 /* UIKit.framework in Frameworks */ = {isa = PBXBuildFile; fileRef = 69233A981549DDE400243C16 /* UIKit.framework */; };
		69233A9B1549DDE400243C16 /* Foundation.framework in Frameworks */ = {isa = PBXBuildFile; fileRef = 69233A9A1549DDE400243C16 /* Foundation.framework */; };
		69233A9D1549DDE400243C16 /* CoreGraphics.framework in Frameworks */ = {isa = PBXBuildFile; fileRef = 69233A9C1549DDE400243C16 /* CoreGraphics.framework */; };
		69233A9F1549DDE400243C16 /* CoreData.framework in Frameworks */ = {isa = PBXBuildFile; fileRef = 69233A9E1549DDE400243C16 /* CoreData.framework */; };
		69233AA51549DDE400243C16 /* InfoPlist.strings in Resources */ = {isa = PBXBuildFile; fileRef = 69233AA31549DDE400243C16 /* InfoPlist.strings */; };
		69233AA71549DDE400243C16 /* main.m in Sources */ = {isa = PBXBuildFile; fileRef = 69233AA61549DDE400243C16 /* main.m */; };
		69233AAB1549DDE400243C16 /* PlanamoAppDelegate.m in Sources */ = {isa = PBXBuildFile; fileRef = 69233AAA1549DDE400243C16 /* PlanamoAppDelegate.m */; };
		69233AAE1549DDE400243C16 /* MainStoryboard.storyboard in Resources */ = {isa = PBXBuildFile; fileRef = 69233AAC1549DDE400243C16 /* MainStoryboard.storyboard */; };
		69233AB11549DDE400243C16 /* Planamo.xcdatamodeld in Sources */ = {isa = PBXBuildFile; fileRef = 69233AAF1549DDE400243C16 /* Planamo.xcdatamodeld */; };
		69233AB41549DDE400243C16 /* PlanamoMainViewController.m in Sources */ = {isa = PBXBuildFile; fileRef = 69233AB31549DDE400243C16 /* PlanamoMainViewController.m */; };
		69233AB71549DDE400243C16 /* PlanamoFlipsideViewController.m in Sources */ = {isa = PBXBuildFile; fileRef = 69233AB61549DDE400243C16 /* PlanamoFlipsideViewController.m */; };
		69233ABF1549DDE500243C16 /* SenTestingKit.framework in Frameworks */ = {isa = PBXBuildFile; fileRef = 69233ABE1549DDE500243C16 /* SenTestingKit.framework */; };
		69233AC01549DDE500243C16 /* UIKit.framework in Frameworks */ = {isa = PBXBuildFile; fileRef = 69233A981549DDE400243C16 /* UIKit.framework */; };
		69233AC11549DDE500243C16 /* Foundation.framework in Frameworks */ = {isa = PBXBuildFile; fileRef = 69233A9A1549DDE400243C16 /* Foundation.framework */; };
		69233AC21549DDE500243C16 /* CoreData.framework in Frameworks */ = {isa = PBXBuildFile; fileRef = 69233A9E1549DDE400243C16 /* CoreData.framework */; };
		69233ACA1549DDE500243C16 /* InfoPlist.strings in Resources */ = {isa = PBXBuildFile; fileRef = 69233AC81549DDE500243C16 /* InfoPlist.strings */; };
		69233ACD1549DDE500243C16 /* PlanamoTests.m in Sources */ = {isa = PBXBuildFile; fileRef = 69233ACC1549DDE500243C16 /* PlanamoTests.m */; };
/* End PBXBuildFile section */

/* Begin PBXContainerItemProxy section */
		69233AC31549DDE500243C16 /* PBXContainerItemProxy */ = {
			isa = PBXContainerItemProxy;
			containerPortal = 69233A8B1549DDE400243C16 /* Project object */;
			proxyType = 1;
			remoteGlobalIDString = 69233A931549DDE400243C16;
			remoteInfo = Planamo;
		};
/* End PBXContainerItemProxy section */

/* Begin PBXFileReference section */
		69233A941549DDE400243C16 /* Planamo.app */ = {isa = PBXFileReference; explicitFileType = wrapper.application; includeInIndex = 0; path = Planamo.app; sourceTree = BUILT_PRODUCTS_DIR; };
		69233A981549DDE400243C16 /* UIKit.framework */ = {isa = PBXFileReference; lastKnownFileType = wrapper.framework; name = UIKit.framework; path = System/Library/Frameworks/UIKit.framework; sourceTree = SDKROOT; };
		69233A9A1549DDE400243C16 /* Foundation.framework */ = {isa = PBXFileReference; lastKnownFileType = wrapper.framework; name = Foundation.framework; path = System/Library/Frameworks/Foundation.framework; sourceTree = SDKROOT; };
		69233A9C1549DDE400243C16 /* CoreGraphics.framework */ = {isa = PBXFileReference; lastKnownFileType = wrapper.framework; name = CoreGraphics.framework; path = System/Library/Frameworks/CoreGraphics.framework; sourceTree = SDKROOT; };
		69233A9E1549DDE400243C16 /* CoreData.framework */ = {isa = PBXFileReference; lastKnownFileType = wrapper.framework; name = CoreData.framework; path = System/Library/Frameworks/CoreData.framework; sourceTree = SDKROOT; };
		69233AA21549DDE400243C16 /* Planamo-Info.plist */ = {isa = PBXFileReference; path = "Planamo-Info.plist"; sourceTree = "<group>"; };
		69233AA41549DDE400243C16 /* en */ = {isa = PBXFileReference; lastKnownFileType = text.plist.strings; name = en; path = en.lproj/InfoPlist.strings; sourceTree = "<group>"; };
		69233AA61549DDE400243C16 /* main.m */ = {isa = PBXFileReference; lastKnownFileType = sourcecode.c.objc; path = main.m; sourceTree = "<group>"; };
		69233AA81549DDE400243C16 /* Planamo-Prefix.pch */ = {isa = PBXFileReference; path = "Planamo-Prefix.pch"; sourceTree = "<group>"; };
		69233AA91549DDE400243C16 /* PlanamoAppDelegate.h */ = {isa = PBXFileReference; path = PlanamoAppDelegate.h; sourceTree = "<group>"; };
		69233AAA1549DDE400243C16 /* PlanamoAppDelegate.m */ = {isa = PBXFileReference; lastKnownFileType = sourcecode.c.objc; path = PlanamoAppDelegate.m; sourceTree = "<group>"; };
		69233AAD1549DDE400243C16 /* en */ = {isa = PBXFileReference; lastKnownFileType = file.storyboard; name = en; path = en.lproj/MainStoryboard.storyboard; sourceTree = "<group>"; };
		69233AB01549DDE400243C16 /* Planamo.xcdatamodel */ = {isa = PBXFileReference; lastKnownFileType = wrapper.xcdatamodel; path = Planamo.xcdatamodel; sourceTree = "<group>"; };
		69233AB21549DDE400243C16 /* PlanamoMainViewController.h */ = {isa = PBXFileReference; path = PlanamoMainViewController.h; sourceTree = "<group>"; };
		69233AB31549DDE400243C16 /* PlanamoMainViewController.m */ = {isa = PBXFileReference; lastKnownFileType = sourcecode.c.objc; path = PlanamoMainViewController.m; sourceTree = "<group>"; };
		69233AB51549DDE400243C16 /* PlanamoFlipsideViewController.h */ = {isa = PBXFileReference; path = PlanamoFlipsideViewController.h; sourceTree = "<group>"; };
		69233AB61549DDE400243C16 /* PlanamoFlipsideViewController.m */ = {isa = PBXFileReference; lastKnownFileType = sourcecode.c.objc; path = PlanamoFlipsideViewController.m; sourceTree = "<group>"; };
		69233ABD1549DDE500243C16 /* PlanamoTests.octest */ = {isa = PBXFileReference; explicitFileType = wrapper.cfbundle; includeInIndex = 0; path = PlanamoTests.octest; sourceTree = BUILT_PRODUCTS_DIR; };
		69233ABE1549DDE500243C16 /* SenTestingKit.framework */ = {isa = PBXFileReference; lastKnownFileType = wrapper.framework; name = SenTestingKit.framework; path = Library/Frameworks/SenTestingKit.framework; sourceTree = DEVELOPER_DIR; };
		69233AC71549DDE500243C16 /* PlanamoTests-Info.plist */ = {isa = PBXFileReference; path = "PlanamoTests-Info.plist"; sourceTree = "<group>"; };
		69233AC91549DDE500243C16 /* en */ = {isa = PBXFileReference; lastKnownFileType = text.plist.strings; name = en; path = en.lproj/InfoPlist.strings; sourceTree = "<group>"; };
		69233ACB1549DDE500243C16 /* PlanamoTests.h */ = {isa = PBXFileReference; path = PlanamoTests.h; sourceTree = "<group>"; };
		69233ACC1549DDE500243C16 /* PlanamoTests.m */ = {isa = PBXFileReference; lastKnownFileType = sourcecode.c.objc; path = PlanamoTests.m; sourceTree = "<group>"; };
/* End PBXFileReference section */

/* Begin PBXFrameworksBuildPhase section */
		69233A911549DDE400243C16 /* Frameworks */ = {
			isa = PBXFrameworksBuildPhase;
			buildActionMask = 2147483647;
			files = (
				69233A991549DDE400243C16 /* UIKit.framework in Frameworks */,
				69233A9B1549DDE400243C16 /* Foundation.framework in Frameworks */,
				69233A9D1549DDE400243C16 /* CoreGraphics.framework in Frameworks */,
				69233A9F1549DDE400243C16 /* CoreData.framework in Frameworks */,
			);
			runOnlyForDeploymentPostprocessing = 0;
		};
		69233AB91549DDE500243C16 /* Frameworks */ = {
			isa = PBXFrameworksBuildPhase;
			buildActionMask = 2147483647;
			files = (
				69233ABF1549DDE500243C16 /* SenTestingKit.framework in Frameworks */,
				69233AC01549DDE500243C16 /* UIKit.framework in Frameworks */,
				69233AC11549DDE500243C16 /* Foundation.framework in Frameworks */,
				69233AC21549DDE500243C16 /* CoreData.framework in Frameworks */,
			);
			runOnlyForDeploymentPostprocessing = 0;
		};
/* End PBXFrameworksBuildPhase section */

/* Begin PBXGroup section */
		69233A891549DDE400243C16 = {
			isa = PBXGroup;
			children = (
				69233AA01549DDE400243C16 /* Planamo */,
				69233AC51549DDE500243C16 /* PlanamoTests */,
				69233A971549DDE400243C16 /* Frameworks */,
				69233A951549DDE400243C16 /* Products */,
			);
			sourceTree = "<group>";
		};
		69233A951549DDE400243C16 /* Products */ = {
			isa = PBXGroup;
			children = (
				69233A941549DDE400243C16 /* Planamo.app */,
				69233ABD1549DDE500243C16 /* PlanamoTests.octest */,
			);
			name = Products;
			sourceTree = "<group>";
		};
		69233A971549DDE400243C16 /* Frameworks */ = {
			isa = PBXGroup;
			children = (
				69233A981549DDE400243C16 /* UIKit.framework */,
				69233A9A1549DDE400243C16 /* Foundation.framework */,
				69233A9C1549DDE400243C16 /* CoreGraphics.framework */,
				69233A9E1549DDE400243C16 /* CoreData.framework */,
				69233ABE1549DDE500243C16 /* SenTestingKit.framework */,
			);
			name = Frameworks;
			sourceTree = "<group>";
		};
		69233AA01549DDE400243C16 /* Planamo */ = {
			isa = PBXGroup;
			children = (
				69233AA91549DDE400243C16 /* PlanamoAppDelegate.h */,
				69233AAA1549DDE400243C16 /* PlanamoAppDelegate.m */,
				69233AAC1549DDE400243C16 /* MainStoryboard.storyboard */,
				69233AB21549DDE400243C16 /* PlanamoMainViewController.h */,
				69233AB31549DDE400243C16 /* PlanamoMainViewController.m */,
				69233AB51549DDE400243C16 /* PlanamoFlipsideViewController.h */,
				69233AB61549DDE400243C16 /* PlanamoFlipsideViewController.m */,
				69233AAF1549DDE400243C16 /* Planamo.xcdatamodeld */,
				69233AA11549DDE400243C16 /* Supporting Files */,
			);
			path = Planamo;
			sourceTree = "<group>";
		};
		69233AA11549DDE400243C16 /* Supporting Files */ = {
			isa = PBXGroup;
			children = (
				69233AA21549DDE400243C16 /* Planamo-Info.plist */,
				69233AA31549DDE400243C16 /* InfoPlist.strings */,
				69233AA61549DDE400243C16 /* main.m */,
				69233AA81549DDE400243C16 /* Planamo-Prefix.pch */,
			);
			name = "Supporting Files";
			sourceTree = "<group>";
		};
		69233AC51549DDE500243C16 /* PlanamoTests */ = {
			isa = PBXGroup;
			children = (
				69233ACB1549DDE500243C16 /* PlanamoTests.h */,
				69233ACC1549DDE500243C16 /* PlanamoTests.m */,
				69233AC61549DDE500243C16 /* Supporting Files */,
			);
			path = PlanamoTests;
			sourceTree = "<group>";
		};
		69233AC61549DDE500243C16 /* Supporting Files */ = {
			isa = PBXGroup;
			children = (
				69233AC71549DDE500243C16 /* PlanamoTests-Info.plist */,
				69233AC81549DDE500243C16 /* InfoPlist.strings */,
			);
			name = "Supporting Files";
			sourceTree = "<group>";
		};
/* End PBXGroup section */

/* Begin PBXNativeTarget section */
		69233A931549DDE400243C16 /* Planamo */ = {
			isa = PBXNativeTarget;
			buildConfigurationList = 69233AD01549DDE500243C16 /* Build configuration list for PBXNativeTarget "Planamo" */;
			buildPhases = (
				69233A901549DDE400243C16 /* Sources */,
				69233A911549DDE400243C16 /* Frameworks */,
				69233A921549DDE400243C16 /* Resources */,
			);
			buildRules = (
			);
			dependencies = (
			);
			name = Planamo;
			productName = Planamo;
			productReference = 69233A941549DDE400243C16 /* Planamo.app */;
			productType = "com.apple.product-type.application";
		};
		69233ABC1549DDE500243C16 /* PlanamoTests */ = {
			isa = PBXNativeTarget;
			buildConfigurationList = 69233AD31549DDE500243C16 /* Build configuration list for PBXNativeTarget "PlanamoTests" */;
			buildPhases = (
				69233AB81549DDE500243C16 /* Sources */,
				69233AB91549DDE500243C16 /* Frameworks */,
				69233ABA1549DDE500243C16 /* Resources */,
				69233ABB1549DDE500243C16 /* ShellScript */,
			);
			buildRules = (
			);
			dependencies = (
				69233AC41549DDE500243C16 /* PBXTargetDependency */,
			);
			name = PlanamoTests;
			productName = PlanamoTests;
			productReference = 69233ABD1549DDE500243C16 /* PlanamoTests.octest */;
			productType = "com.apple.product-type.bundle";
		};
/* End PBXNativeTarget section */

/* Begin PBXProject section */
		69233A8B1549DDE400243C16 /* Project object */ = {
			isa = PBXProject;
			attributes = {
				LastUpgradeCheck = 0420;
			};
			buildConfigurationList = 69233A8E1549DDE400243C16 /* Build configuration list for PBXProject "Planamo" */;
			compatibilityVersion = "Xcode 3.2";
			developmentRegion = English;
			hasScannedForEncodings = 0;
			knownRegions = (
				en,
			);
			mainGroup = 69233A891549DDE400243C16;
			productRefGroup = 69233A951549DDE400243C16 /* Products */;
			projectDirPath = "";
			projectRoot = "";
			targets = (
				69233A931549DDE400243C16 /* Planamo */,
				69233ABC1549DDE500243C16 /* PlanamoTests */,
			);
		};
/* End PBXProject section */

/* Begin PBXResourcesBuildPhase section */
		69233A921549DDE400243C16 /* Resources */ = {
			isa = PBXResourcesBuildPhase;
			buildActionMask = 2147483647;
			files = (
				69233AA51549DDE400243C16 /* InfoPlist.strings in Resources */,
				69233AAE1549DDE400243C16 /* MainStoryboard.storyboard in Resources */,
			);
			runOnlyForDeploymentPostprocessing = 0;
		};
		69233ABA1549DDE500243C16 /* Resources */ = {
			isa = PBXResourcesBuildPhase;
			buildActionMask = 2147483647;
			files = (
				69233ACA1549DDE500243C16 /* InfoPlist.strings in Resources */,
			);
			runOnlyForDeploymentPostprocessing = 0;
		};
/* End PBXResourcesBuildPhase section */

/* Begin PBXShellScriptBuildPhase section */
		69233ABB1549DDE500243C16 /* ShellScript */ = {
			isa = PBXShellScriptBuildPhase;
			buildActionMask = 2147483647;
			files = (
			);
			inputPaths = (
			);
			outputPaths = (
			);
			runOnlyForDeploymentPostprocessing = 0;
			shellPath = /bin/sh;
			shellScript = "# Run the unit tests in this test bundle.\n\"${SYSTEM_DEVELOPER_DIR}/Tools/RunUnitTests\"\n";
		};
/* End PBXShellScriptBuildPhase section */

/* Begin PBXSourcesBuildPhase section */
		69233A901549DDE400243C16 /* Sources */ = {
			isa = PBXSourcesBuildPhase;
			buildActionMask = 2147483647;
			files = (
				69233AA71549DDE400243C16 /* main.m in Sources */,
				69233AAB1549DDE400243C16 /* PlanamoAppDelegate.m in Sources */,
				69233AB11549DDE400243C16 /* Planamo.xcdatamodeld in Sources */,
				69233AB41549DDE400243C16 /* PlanamoMainViewController.m in Sources */,
				69233AB71549DDE400243C16 /* PlanamoFlipsideViewController.m in Sources */,
			);
			runOnlyForDeploymentPostprocessing = 0;
		};
		69233AB81549DDE500243C16 /* Sources */ = {
			isa = PBXSourcesBuildPhase;
			buildActionMask = 2147483647;
			files = (
				69233ACD1549DDE500243C16 /* PlanamoTests.m in Sources */,
			);
			runOnlyForDeploymentPostprocessing = 0;
		};
/* End PBXSourcesBuildPhase section */

/* Begin PBXTargetDependency section */
		69233AC41549DDE500243C16 /* PBXTargetDependency */ = {
			isa = PBXTargetDependency;
			target = 69233A931549DDE400243C16 /* Planamo */;
			targetProxy = 69233AC31549DDE500243C16 /* PBXContainerItemProxy */;
		};
/* End PBXTargetDependency section */

/* Begin PBXVariantGroup section */
		69233AA31549DDE400243C16 /* InfoPlist.strings */ = {
			isa = PBXVariantGroup;
			children = (
				69233AA41549DDE400243C16 /* en */,
			);
			name = InfoPlist.strings;
			sourceTree = "<group>";
		};
		69233AAC1549DDE400243C16 /* MainStoryboard.storyboard */ = {
			isa = PBXVariantGroup;
			children = (
				69233AAD1549DDE400243C16 /* en */,
			);
			name = MainStoryboard.storyboard;
			sourceTree = "<group>";
		};
		69233AC81549DDE500243C16 /* InfoPlist.strings */ = {
			isa = PBXVariantGroup;
			children = (
				69233AC91549DDE500243C16 /* en */,
			);
			name = InfoPlist.strings;
			sourceTree = "<group>";
		};
/* End PBXVariantGroup section */

/* Begin XCBuildConfiguration section */
		69233ACE1549DDE500243C16 /* Debug */ = {
			isa = XCBuildConfiguration;
			buildSettings = {
				ALWAYS_SEARCH_USER_PATHS = NO;
				ARCHS = "$(ARCHS_STANDARD_32_BIT)";
				CLANG_ENABLE_OBJC_ARC = YES;
				"CODE_SIGN_IDENTITY[sdk=iphoneos*]" = "iPhone Developer";
				COPY_PHASE_STRIP = NO;
				GCC_C_LANGUAGE_STANDARD = gnu99;
				GCC_DYNAMIC_NO_PIC = NO;
				GCC_OPTIMIZATION_LEVEL = 0;
				GCC_PREPROCESSOR_DEFINITIONS = (
					"DEBUG=1",
					"$(inherited)",
				);
				GCC_SYMBOLS_PRIVATE_EXTERN = NO;
				GCC_VERSION = com.apple.compilers.llvm.clang.1_0;
				GCC_WARN_ABOUT_MISSING_PROTOTYPES = YES;
				GCC_WARN_ABOUT_RETURN_TYPE = YES;
				GCC_WARN_UNUSED_VARIABLE = YES;
				IPHONEOS_DEPLOYMENT_TARGET = 5.1;
				SDKROOT = iphoneos;
			};
			name = Debug;
		};
		69233ACF1549DDE500243C16 /* Release */ = {
			isa = XCBuildConfiguration;
			buildSettings = {
				ALWAYS_SEARCH_USER_PATHS = NO;
				ARCHS = "$(ARCHS_STANDARD_32_BIT)";
				CLANG_ENABLE_OBJC_ARC = YES;
				"CODE_SIGN_IDENTITY[sdk=iphoneos*]" = "iPhone Developer";
				COPY_PHASE_STRIP = YES;
				GCC_C_LANGUAGE_STANDARD = gnu99;
				GCC_VERSION = com.apple.compilers.llvm.clang.1_0;
				GCC_WARN_ABOUT_MISSING_PROTOTYPES = YES;
				GCC_WARN_ABOUT_RETURN_TYPE = YES;
				GCC_WARN_UNUSED_VARIABLE = YES;
				IPHONEOS_DEPLOYMENT_TARGET = 5.1;
				OTHER_CFLAGS = "-DNS_BLOCK_ASSERTIONS=1";
				SDKROOT = iphoneos;
				VALIDATE_PRODUCT = YES;
			};
			name = Release;
		};
		69233AD11549DDE500243C16 /* Debug */ = {
			isa = XCBuildConfiguration;
			buildSettings = {
				GCC_PRECOMPILE_PREFIX_HEADER = YES;
				GCC_PREFIX_HEADER = "Planamo/Planamo-Prefix.pch";
				INFOPLIST_FILE = "Planamo/Planamo-Info.plist";
				PRODUCT_NAME = "$(TARGET_NAME)";
				WRAPPER_EXTENSION = app;
			};
			name = Debug;
		};
		69233AD21549DDE500243C16 /* Release */ = {
			isa = XCBuildConfiguration;
			buildSettings = {
				GCC_PRECOMPILE_PREFIX_HEADER = YES;
				GCC_PREFIX_HEADER = "Planamo/Planamo-Prefix.pch";
				INFOPLIST_FILE = "Planamo/Planamo-Info.plist";
				PRODUCT_NAME = "$(TARGET_NAME)";
				WRAPPER_EXTENSION = app;
			};
			name = Release;
		};
		69233AD41549DDE500243C16 /* Debug */ = {
			isa = XCBuildConfiguration;
			buildSettings = {
				BUNDLE_LOADER = "$(BUILT_PRODUCTS_DIR)/Planamo.app/Planamo";
				FRAMEWORK_SEARCH_PATHS = (
					"$(SDKROOT)/Developer/Library/Frameworks",
					"$(DEVELOPER_LIBRARY_DIR)/Frameworks",
				);
				GCC_PRECOMPILE_PREFIX_HEADER = YES;
				GCC_PREFIX_HEADER = "Planamo/Planamo-Prefix.pch";
				INFOPLIST_FILE = "PlanamoTests/PlanamoTests-Info.plist";
				PRODUCT_NAME = "$(TARGET_NAME)";
				TEST_HOST = "$(BUNDLE_LOADER)";
				WRAPPER_EXTENSION = octest;
			};
			name = Debug;
		};
		69233AD51549DDE500243C16 /* Release */ = {
			isa = XCBuildConfiguration;
			buildSettings = {
				BUNDLE_LOADER = "$(BUILT_PRODUCTS_DIR)/Planamo.app/Planamo";
				FRAMEWORK_SEARCH_PATHS = (
					"$(SDKROOT)/Developer/Library/Frameworks",
					"$(DEVELOPER_LIBRARY_DIR)/Frameworks",
				);
				GCC_PRECOMPILE_PREFIX_HEADER = YES;
				GCC_PREFIX_HEADER = "Planamo/Planamo-Prefix.pch";
				INFOPLIST_FILE = "PlanamoTests/PlanamoTests-Info.plist";
				PRODUCT_NAME = "$(TARGET_NAME)";
				TEST_HOST = "$(BUNDLE_LOADER)";
				WRAPPER_EXTENSION = octest;
			};
			name = Release;
		};
/* End XCBuildConfiguration section */

/* Begin XCConfigurationList section */
		69233A8E1549DDE400243C16 /* Build configuration list for PBXProject "Planamo" */ = {
			isa = XCConfigurationList;
			buildConfigurations = (
				69233ACE1549DDE500243C16 /* Debug */,
				69233ACF1549DDE500243C16 /* Release */,
			);
			defaultConfigurationIsVisible = 0;
			defaultConfigurationName = Release;
		};
		69233AD01549DDE500243C16 /* Build configuration list for PBXNativeTarget "Planamo" */ = {
			isa = XCConfigurationList;
			buildConfigurations = (
				69233AD11549DDE500243C16 /* Debug */,
				69233AD21549DDE500243C16 /* Release */,
			);
			defaultConfigurationIsVisible = 0;
		};
		69233AD31549DDE500243C16 /* Build configuration list for PBXNativeTarget "PlanamoTests" */ = {
			isa = XCConfigurationList;
			buildConfigurations = (
				69233AD41549DDE500243C16 /* Debug */,
				69233AD51549DDE500243C16 /* Release */,
			);
			defaultConfigurationIsVisible = 0;
		};
/* End XCConfigurationList section */

/* Begin XCVersionGroup section */
		69233AAF1549DDE400243C16 /* Planamo.xcdatamodeld */ = {
			isa = XCVersionGroup;
			children = (
				69233AB01549DDE400243C16 /* Planamo.xcdatamodel */,
			);
			currentVersion = 69233AB01549DDE400243C16 /* Planamo.xcdatamodel */;
			path = Planamo.xcdatamodeld;
			sourceTree = "<group>";
			versionGroupType = wrapper.xcdatamodel;
		};
/* End XCVersionGroup section */
	};
	rootObject = 69233A8B1549DDE400243C16 /* Project object */;
}
